
Microsoft Visual Studio Solution File, Format Version 12.00
# Visual Studio Version 17
VisualStudioVersion = 17.14.36401.2 d17.14
MinimumVisualStudioVersion = 10.0.40219.1
Project("{13B669BE-BB05-4DDF-9536-439F39A36129}") = "PHPWebProject1", "PHPWebProject1.phpproj", "{C1617B1C-38D2-28D7-57B8-C42B1E1A4EBD}"
EndProject
Global
	GlobalSection(SolutionConfigurationPlatforms) = preSolution
		Debug|Any CPU = Debug|Any CPU
		Release|Any CPU = Release|Any CPU
	EndGlobalSection
	GlobalSection(ProjectConfigurationPlatforms) = postSolution
		{C1617B1C-38D2-28D7-57B8-C42B1E1A4EBD}.Debug|Any CPU.ActiveCfg = Debug|Any CPU
		{C1617B1C-38D2-28D7-57B8-C42B1E1A4EBD}.Debug|Any CPU.Build.0 = Debug|Any CPU
		{C1617B1C-38D2-28D7-57B8-C42B1E1A4EBD}.Release|Any CPU.ActiveCfg = Release|Any CPU
		{C1617B1C-38D2-28D7-57B8-C42B1E1A4EBD}.Release|Any CPU.Build.0 = Release|Any CPU
	EndGlobalSection
	GlobalSection(SolutionProperties) = preSolution
		HideSolutionNode = FALSE
	EndGlobalSection
	GlobalSection(ExtensibilityGlobals) = postSolution
		SolutionGuid = {2B8D20A2-5023-45CE-BF33-E2AF5DA1ED96}
	EndGlobalSection
EndGlobal
